// !$*UTF8*$!
{
	archiveVersion = 1;
	classes = {
	};
	objectVersion = 55;
	objects = {

/* Begin PBXBuildFile section */
		378997D428548F410055C432 /* AppDelegate.swift in Sources */ = {isa = PBXBuildFile; fileRef = 378997D328548F410055C432 /* AppDelegate.swift */; };
		378997D628548F410055C432 /* SceneDelegate.swift in Sources */ = {isa = PBXBuildFile; fileRef = 378997D528548F410055C432 /* SceneDelegate.swift */; };
		378997D828548F410055C432 /* ViewController.swift in Sources */ = {isa = PBXBuildFile; fileRef = 378997D728548F410055C432 /* ViewController.swift */; };
		378997DB28548F410055C432 /* Main.storyboard in Resources */ = {isa = PBXBuildFile; fileRef = 378997D928548F410055C432 /* Main.storyboard */; };
		378997DD28548F430055C432 /* Assets.xcassets in Resources */ = {isa = PBXBuildFile; fileRef = 378997DC28548F430055C432 /* Assets.xcassets */; };
		378997E028548F430055C432 /* LaunchScreen.storyboard in Resources */ = {isa = PBXBuildFile; fileRef = 378997DE28548F430055C432 /* LaunchScreen.storyboard */; };
		378997F728548F430055C432 /* CSVParserUITestsLaunchTests.swift in Sources */ = {isa = PBXBuildFile; fileRef = 378997F628548F430055C432 /* CSVParserUITestsLaunchTests.swift */; };
		3797EADC28549B9400134632 /* ColorExtension.swift in Sources */ = {isa = PBXBuildFile; fileRef = 3797EADB28549B9400134632 /* ColorExtension.swift */; };
		3797EADE28549FF600134632 /* ViewModel.swift in Sources */ = {isa = PBXBuildFile; fileRef = 3797EADD28549FF600134632 /* ViewModel.swift */; };
		3797EAE02854A03700134632 /* Item.swift in Sources */ = {isa = PBXBuildFile; fileRef = 3797EADF2854A03700134632 /* Item.swift */; };
		3797EAE32854A47F00134632 /* ViewModelTests.swift in Sources */ = {isa = PBXBuildFile; fileRef = 3797EAE22854A47F00134632 /* ViewModelTests.swift */; };
		3797EAE92854A68F00134632 /* TableViewCell.swift in Sources */ = {isa = PBXBuildFile; fileRef = 3797EAE82854A68F00134632 /* TableViewCell.swift */; };
		3797EAEC2854B5E500134632 /* Repository.swift in Sources */ = {isa = PBXBuildFile; fileRef = 3797EAEB2854B5E500134632 /* Repository.swift */; };
		3797EAEF2854B61100134632 /* CSVParser.swift in Sources */ = {isa = PBXBuildFile; fileRef = 3797EAEE2854B61100134632 /* CSVParser.swift */; };
		3797EAF12854C38800134632 /* ItemKey.swift in Sources */ = {isa = PBXBuildFile; fileRef = 3797EAF02854C38800134632 /* ItemKey.swift */; };
		3797EAF42854C3AC00134632 /* Validator.swift in Sources */ = {isa = PBXBuildFile; fileRef = 3797EAF32854C3AC00134632 /* Validator.swift */; };
		3797EAF62854C3C800134632 /* ParseError.swift in Sources */ = {isa = PBXBuildFile; fileRef = 3797EAF52854C3C800134632 /* ParseError.swift */; };
		3797EAF82854C40500134632 /* DateExtension.swift in Sources */ = {isa = PBXBuildFile; fileRef = 3797EAF72854C40500134632 /* DateExtension.swift */; };
		3797EAFA2854C41C00134632 /* DateFormatterExtension.swift in Sources */ = {isa = PBXBuildFile; fileRef = 3797EAF92854C41C00134632 /* DateFormatterExtension.swift */; };
		3797EAFE2854C4B900134632 /* View.swift in Sources */ = {isa = PBXBuildFile; fileRef = 3797EAFD2854C4B900134632 /* View.swift */; };
		3797EB002854C4CC00134632 /* LoadingHandler.swift in Sources */ = {isa = PBXBuildFile; fileRef = 3797EAFF2854C4CC00134632 /* LoadingHandler.swift */; };
		3797EB022854C4DD00134632 /* ErrorHandler.swift in Sources */ = {isa = PBXBuildFile; fileRef = 3797EB012854C4DD00134632 /* ErrorHandler.swift */; };
		3797EB052854C84E00134632 /* issues.csv in Resources */ = {isa = PBXBuildFile; fileRef = 3797EB042854C84E00134632 /* issues.csv */; };
		3797EB0A2854F78F00134632 /* MockView.swift in Sources */ = {isa = PBXBuildFile; fileRef = 3797EB092854F78F00134632 /* MockView.swift */; };
		3797EB0C2854F7DB00134632 /* MockRepository.swift in Sources */ = {isa = PBXBuildFile; fileRef = 3797EB0B2854F7DA00134632 /* MockRepository.swift */; };
		3797EB0E2854F89000134632 /* CSVParserTests.swift in Sources */ = {isa = PBXBuildFile; fileRef = 3797EB0D2854F89000134632 /* CSVParserTests.swift */; };
		3797EB112854F9FE00134632 /* valid.csv in Resources */ = {isa = PBXBuildFile; fileRef = 3797EB102854F9FE00134632 /* valid.csv */; };
		3797EB172855CBA000134632 /* MockParser.swift in Sources */ = {isa = PBXBuildFile; fileRef = 3797EB162855CBA000134632 /* MockParser.swift */; };
		3797EB1B2855CBC800134632 /* RepositoryTests.swift in Sources */ = {isa = PBXBuildFile; fileRef = 3797EB1A2855CBC800134632 /* RepositoryTests.swift */; };
		3797EB1D2855D85500134632 /* invalid.jpg in Resources */ = {isa = PBXBuildFile; fileRef = 3797EB1C2855D85500134632 /* invalid.jpg */; };
/* End PBXBuildFile section */

/* Begin PBXContainerItemProxy section */
		378997E728548F430055C432 /* PBXContainerItemProxy */ = {
			isa = PBXContainerItemProxy;
			containerPortal = 378997C828548F410055C432 /* Project object */;
			proxyType = 1;
			remoteGlobalIDString = 378997CF28548F410055C432;
			remoteInfo = CSVParser;
		};
		378997F128548F430055C432 /* PBXContainerItemProxy */ = {
			isa = PBXContainerItemProxy;
			containerPortal = 378997C828548F410055C432 /* Project object */;
			proxyType = 1;
			remoteGlobalIDString = 378997CF28548F410055C432;
			remoteInfo = CSVParser;
		};
/* End PBXContainerItemProxy section */

/* Begin PBXFileReference section */
		378997D028548F410055C432 /* CSVParser.app */ = {isa = PBXFileReference; explicitFileType = wrapper.application; includeInIndex = 0; path = CSVParser.app; sourceTree = BUILT_PRODUCTS_DIR; };
		378997D328548F410055C432 /* AppDelegate.swift */ = {isa = PBXFileReference; lastKnownFileType = sourcecode.swift; path = AppDelegate.swift; sourceTree = "<group>"; };
		378997D528548F410055C432 /* SceneDelegate.swift */ = {isa = PBXFileReference; lastKnownFileType = sourcecode.swift; path = SceneDelegate.swift; sourceTree = "<group>"; };
		378997D728548F410055C432 /* ViewController.swift */ = {isa = PBXFileReference; lastKnownFileType = sourcecode.swift; path = ViewController.swift; sourceTree = "<group>"; };
		378997DA28548F410055C432 /* Base */ = {isa = PBXFileReference; lastKnownFileType = file.storyboard; name = Base; path = Base.lproj/Main.storyboard; sourceTree = "<group>"; };
		378997DC28548F430055C432 /* Assets.xcassets */ = {isa = PBXFileReference; lastKnownFileType = folder.assetcatalog; path = Assets.xcassets; sourceTree = "<group>"; };
		378997DF28548F430055C432 /* Base */ = {isa = PBXFileReference; lastKnownFileType = file.storyboard; name = Base; path = Base.lproj/LaunchScreen.storyboard; sourceTree = "<group>"; };
		378997E128548F430055C432 /* Info.plist */ = {isa = PBXFileReference; lastKnownFileType = text.plist.xml; path = Info.plist; sourceTree = "<group>"; };
		378997E628548F430055C432 /* CSVParserTests.xctest */ = {isa = PBXFileReference; explicitFileType = wrapper.cfbundle; includeInIndex = 0; path = CSVParserTests.xctest; sourceTree = BUILT_PRODUCTS_DIR; };
		378997F028548F430055C432 /* CSVParserUITests.xctest */ = {isa = PBXFileReference; explicitFileType = wrapper.cfbundle; includeInIndex = 0; path = CSVParserUITests.xctest; sourceTree = BUILT_PRODUCTS_DIR; };
		378997F628548F430055C432 /* CSVParserUITestsLaunchTests.swift */ = {isa = PBXFileReference; lastKnownFileType = sourcecode.swift; path = CSVParserUITestsLaunchTests.swift; sourceTree = "<group>"; };
		3797EADB28549B9400134632 /* ColorExtension.swift */ = {isa = PBXFileReference; lastKnownFileType = sourcecode.swift; path = ColorExtension.swift; sourceTree = "<group>"; };
		3797EADD28549FF600134632 /* ViewModel.swift */ = {isa = PBXFileReference; lastKnownFileType = sourcecode.swift; path = ViewModel.swift; sourceTree = "<group>"; };
		3797EADF2854A03700134632 /* Item.swift */ = {isa = PBXFileReference; lastKnownFileType = sourcecode.swift; path = Item.swift; sourceTree = "<group>"; };
		3797EAE22854A47F00134632 /* ViewModelTests.swift */ = {isa = PBXFileReference; lastKnownFileType = sourcecode.swift; path = ViewModelTests.swift; sourceTree = "<group>"; };
		3797EAE82854A68F00134632 /* TableViewCell.swift */ = {isa = PBXFileReference; lastKnownFileType = sourcecode.swift; path = TableViewCell.swift; sourceTree = "<group>"; };
		3797EAEB2854B5E500134632 /* Repository.swift */ = {isa = PBXFileReference; lastKnownFileType = sourcecode.swift; path = Repository.swift; sourceTree = "<group>"; };
		3797EAEE2854B61100134632 /* CSVParser.swift */ = {isa = PBXFileReference; lastKnownFileType = sourcecode.swift; path = CSVParser.swift; sourceTree = "<group>"; };
		3797EAF02854C38800134632 /* ItemKey.swift */ = {isa = PBXFileReference; lastKnownFileType = sourcecode.swift; path = ItemKey.swift; sourceTree = "<group>"; };
		3797EAF32854C3AC00134632 /* Validator.swift */ = {isa = PBXFileReference; lastKnownFileType = sourcecode.swift; path = Validator.swift; sourceTree = "<group>"; };
		3797EAF52854C3C800134632 /* ParseError.swift */ = {isa = PBXFileReference; lastKnownFileType = sourcecode.swift; path = ParseError.swift; sourceTree = "<group>"; };
		3797EAF72854C40500134632 /* DateExtension.swift */ = {isa = PBXFileReference; lastKnownFileType = sourcecode.swift; path = DateExtension.swift; sourceTree = "<group>"; };
		3797EAF92854C41C00134632 /* DateFormatterExtension.swift */ = {isa = PBXFileReference; lastKnownFileType = sourcecode.swift; path = DateFormatterExtension.swift; sourceTree = "<group>"; };
		3797EAFD2854C4B900134632 /* View.swift */ = {isa = PBXFileReference; lastKnownFileType = sourcecode.swift; path = View.swift; sourceTree = "<group>"; };
		3797EAFF2854C4CC00134632 /* LoadingHandler.swift */ = {isa = PBXFileReference; lastKnownFileType = sourcecode.swift; path = LoadingHandler.swift; sourceTree = "<group>"; };
		3797EB012854C4DD00134632 /* ErrorHandler.swift */ = {isa = PBXFileReference; lastKnownFileType = sourcecode.swift; path = ErrorHandler.swift; sourceTree = "<group>"; };
		3797EB042854C84E00134632 /* issues.csv */ = {isa = PBXFileReference; fileEncoding = 4; lastKnownFileType = text; path = issues.csv; sourceTree = "<group>"; };
		3797EB092854F78F00134632 /* MockView.swift */ = {isa = PBXFileReference; lastKnownFileType = sourcecode.swift; path = MockView.swift; sourceTree = "<group>"; };
		3797EB0B2854F7DA00134632 /* MockRepository.swift */ = {isa = PBXFileReference; lastKnownFileType = sourcecode.swift; path = MockRepository.swift; sourceTree = "<group>"; };
		3797EB0D2854F89000134632 /* CSVParserTests.swift */ = {isa = PBXFileReference; lastKnownFileType = sourcecode.swift; path = CSVParserTests.swift; sourceTree = "<group>"; };
		3797EB102854F9FE00134632 /* valid.csv */ = {isa = PBXFileReference; fileEncoding = 4; lastKnownFileType = text; path = valid.csv; sourceTree = "<group>"; };
		3797EB162855CBA000134632 /* MockParser.swift */ = {isa = PBXFileReference; lastKnownFileType = sourcecode.swift; path = MockParser.swift; sourceTree = "<group>"; };
		3797EB1A2855CBC800134632 /* RepositoryTests.swift */ = {isa = PBXFileReference; lastKnownFileType = sourcecode.swift; path = RepositoryTests.swift; sourceTree = "<group>"; };
		3797EB1C2855D85500134632 /* invalid.jpg */ = {isa = PBXFileReference; lastKnownFileType = image.jpeg; path = invalid.jpg; sourceTree = "<group>"; };
/* End PBXFileReference section */

/* Begin PBXFrameworksBuildPhase section */
		378997CD28548F410055C432 /* Frameworks */ = {
			isa = PBXFrameworksBuildPhase;
			buildActionMask = 2147483647;
			files = (
			);
			runOnlyForDeploymentPostprocessing = 0;
		};
		378997E328548F430055C432 /* Frameworks */ = {
			isa = PBXFrameworksBuildPhase;
			buildActionMask = 2147483647;
			files = (
			);
			runOnlyForDeploymentPostprocessing = 0;
		};
		378997ED28548F430055C432 /* Frameworks */ = {
			isa = PBXFrameworksBuildPhase;
			buildActionMask = 2147483647;
			files = (
			);
			runOnlyForDeploymentPostprocessing = 0;
		};
/* End PBXFrameworksBuildPhase section */

/* Begin PBXGroup section */
		378997C728548F410055C432 = {
			isa = PBXGroup;
			children = (
				378997D228548F410055C432 /* CSVParser */,
				378997E928548F430055C432 /* CSVParserTests */,
				378997F328548F430055C432 /* CSVParserUITests */,
				378997D128548F410055C432 /* Products */,
				863B2671952D2B782F656973 /* Pods */,
			);
			sourceTree = "<group>";
		};
		378997D128548F410055C432 /* Products */ = {
			isa = PBXGroup;
			children = (
				378997D028548F410055C432 /* CSVParser.app */,
				378997E628548F430055C432 /* CSVParserTests.xctest */,
				378997F028548F430055C432 /* CSVParserUITests.xctest */,
			);
			name = Products;
			sourceTree = "<group>";
		};
		378997D228548F410055C432 /* CSVParser */ = {
			isa = PBXGroup;
			children = (
				3797EB032854C83F00134632 /* Resources */,
				3797EAF22854C39D00134632 /* Validator */,
				3797EAED2854B60200134632 /* Parser */,
				3797EAEA2854B5D000134632 /* Repository */,
				3797EAE12854A06700134632 /* Models */,
				3797EADA28549B8200134632 /* Extensions */,
				3797EAD9285494A200134632 /* Presentation */,
				378997D328548F410055C432 /* AppDelegate.swift */,
				378997D528548F410055C432 /* SceneDelegate.swift */,
				378997D928548F410055C432 /* Main.storyboard */,
				378997DC28548F430055C432 /* Assets.xcassets */,
				378997DE28548F430055C432 /* LaunchScreen.storyboard */,
				378997E128548F430055C432 /* Info.plist */,
			);
			path = CSVParser;
			sourceTree = "<group>";
		};
		378997E928548F430055C432 /* CSVParserTests */ = {
			isa = PBXGroup;
			children = (
				3797EB0F2854F97100134632 /* TestData */,
				3797EB082854F78000134632 /* Mocks */,
				3797EAE22854A47F00134632 /* ViewModelTests.swift */,
				3797EB0D2854F89000134632 /* CSVParserTests.swift */,
				3797EB1A2855CBC800134632 /* RepositoryTests.swift */,
			);
			path = CSVParserTests;
			sourceTree = "<group>";
		};
		378997F328548F430055C432 /* CSVParserUITests */ = {
			isa = PBXGroup;
			children = (
				378997F628548F430055C432 /* CSVParserUITestsLaunchTests.swift */,
			);
			path = CSVParserUITests;
			sourceTree = "<group>";
		};
		3797EAD9285494A200134632 /* Presentation */ = {
			isa = PBXGroup;
			children = (
				378997D728548F410055C432 /* ViewController.swift */,
				3797EADD28549FF600134632 /* ViewModel.swift */,
				3797EAE82854A68F00134632 /* TableViewCell.swift */,
				3797EAFD2854C4B900134632 /* View.swift */,
				3797EAFF2854C4CC00134632 /* LoadingHandler.swift */,
				3797EB012854C4DD00134632 /* ErrorHandler.swift */,
			);
			path = Presentation;
			sourceTree = "<group>";
		};
		3797EADA28549B8200134632 /* Extensions */ = {
			isa = PBXGroup;
			children = (
				3797EADB28549B9400134632 /* ColorExtension.swift */,
				3797EAF72854C40500134632 /* DateExtension.swift */,
				3797EAF92854C41C00134632 /* DateFormatterExtension.swift */,
			);
			path = Extensions;
			sourceTree = "<group>";
		};
		3797EAE12854A06700134632 /* Models */ = {
			isa = PBXGroup;
			children = (
				3797EADF2854A03700134632 /* Item.swift */,
				3797EAF02854C38800134632 /* ItemKey.swift */,
			);
			path = Models;
			sourceTree = "<group>";
		};
		3797EAEA2854B5D000134632 /* Repository */ = {
			isa = PBXGroup;
			children = (
				3797EAEB2854B5E500134632 /* Repository.swift */,
			);
			path = Repository;
			sourceTree = "<group>";
		};
		3797EAED2854B60200134632 /* Parser */ = {
			isa = PBXGroup;
			children = (
				3797EAEE2854B61100134632 /* CSVParser.swift */,
				3797EAF52854C3C800134632 /* ParseError.swift */,
			);
			path = Parser;
			sourceTree = "<group>";
		};
		3797EAF22854C39D00134632 /* Validator */ = {
			isa = PBXGroup;
			children = (
				3797EAF32854C3AC00134632 /* Validator.swift */,
			);
			path = Validator;
			sourceTree = "<group>";
		};
		3797EB032854C83F00134632 /* Resources */ = {
			isa = PBXGroup;
			children = (
				3797EB042854C84E00134632 /* issues.csv */,
			);
			path = Resources;
			sourceTree = "<group>";
		};
		3797EB082854F78000134632 /* Mocks */ = {
			isa = PBXGroup;
			children = (
				3797EB092854F78F00134632 /* MockView.swift */,
				3797EB0B2854F7DA00134632 /* MockRepository.swift */,
				3797EB162855CBA000134632 /* MockParser.swift */,
			);
			path = Mocks;
			sourceTree = "<group>";
		};
		3797EB0F2854F97100134632 /* TestData */ = {
			isa = PBXGroup;
			children = (
				3797EB102854F9FE00134632 /* valid.csv */,
				3797EB1C2855D85500134632 /* invalid.jpg */,
			);
			path = TestData;
			sourceTree = "<group>";
		};
		863B2671952D2B782F656973 /* Pods */ = {
			isa = PBXGroup;
			children = (
			);
			path = Pods;
			sourceTree = "<group>";
		};
/* End PBXGroup section */

/* Begin PBXNativeTarget section */
		378997CF28548F410055C432 /* CSVParser */ = {
			isa = PBXNativeTarget;
			buildConfigurationList = 378997FA28548F430055C432 /* Build configuration list for PBXNativeTarget "CSVParser" */;
			buildPhases = (
				378997CC28548F410055C432 /* Sources */,
				378997CD28548F410055C432 /* Frameworks */,
				378997CE28548F410055C432 /* Resources */,
			);
			buildRules = (
			);
			dependencies = (
			);
			name = CSVParser;
			productName = CSVParser;
			productReference = 378997D028548F410055C432 /* CSVParser.app */;
			productType = "com.apple.product-type.application";
		};
		378997E528548F430055C432 /* CSVParserTests */ = {
			isa = PBXNativeTarget;
			buildConfigurationList = 378997FD28548F430055C432 /* Build configuration list for PBXNativeTarget "CSVParserTests" */;
			buildPhases = (
				378997E228548F430055C432 /* Sources */,
				378997E328548F430055C432 /* Frameworks */,
				378997E428548F430055C432 /* Resources */,
			);
			buildRules = (
			);
			dependencies = (
				378997E828548F430055C432 /* PBXTargetDependency */,
			);
			name = CSVParserTests;
			productName = CSVParserTests;
			productReference = 378997E628548F430055C432 /* CSVParserTests.xctest */;
			productType = "com.apple.product-type.bundle.unit-test";
		};
		378997EF28548F430055C432 /* CSVParserUITests */ = {
			isa = PBXNativeTarget;
			buildConfigurationList = 3789980028548F430055C432 /* Build configuration list for PBXNativeTarget "CSVParserUITests" */;
			buildPhases = (
				378997EC28548F430055C432 /* Sources */,
				378997ED28548F430055C432 /* Frameworks */,
				378997EE28548F430055C432 /* Resources */,
			);
			buildRules = (
			);
			dependencies = (
				378997F228548F430055C432 /* PBXTargetDependency */,
			);
			name = CSVParserUITests;
			productName = CSVParserUITests;
			productReference = 378997F028548F430055C432 /* CSVParserUITests.xctest */;
			productType = "com.apple.product-type.bundle.ui-testing";
		};
/* End PBXNativeTarget section */

/* Begin PBXProject section */
		378997C828548F410055C432 /* Project object */ = {
			isa = PBXProject;
			attributes = {
				BuildIndependentTargetsInParallel = 1;
				LastSwiftUpdateCheck = 1320;
				LastUpgradeCheck = 1320;
				TargetAttributes = {
					378997CF28548F410055C432 = {
						CreatedOnToolsVersion = 13.2.1;
					};
					378997E528548F430055C432 = {
						CreatedOnToolsVersion = 13.2.1;
						TestTargetID = 378997CF28548F410055C432;
					};
					378997EF28548F430055C432 = {
						CreatedOnToolsVersion = 13.2.1;
						TestTargetID = 378997CF28548F410055C432;
					};
				};
			};
			buildConfigurationList = 378997CB28548F410055C432 /* Build configuration list for PBXProject "CSVParser" */;
			compatibilityVersion = "Xcode 13.0";
			developmentRegion = en;
			hasScannedForEncodings = 0;
			knownRegions = (
				en,
				Base,
			);
			mainGroup = 378997C728548F410055C432;
			productRefGroup = 378997D128548F410055C432 /* Products */;
			projectDirPath = "";
			projectRoot = "";
			targets = (
				378997CF28548F410055C432 /* CSVParser */,
				378997E528548F430055C432 /* CSVParserTests */,
				378997EF28548F430055C432 /* CSVParserUITests */,
			);
		};
/* End PBXProject section */

/* Begin PBXResourcesBuildPhase section */
		378997CE28548F410055C432 /* Resources */ = {
			isa = PBXResourcesBuildPhase;
			buildActionMask = 2147483647;
			files = (
				3797EB052854C84E00134632 /* issues.csv in Resources */,
				378997E028548F430055C432 /* LaunchScreen.storyboard in Resources */,
				378997DD28548F430055C432 /* Assets.xcassets in Resources */,
				378997DB28548F410055C432 /* Main.storyboard in Resources */,
			);
			runOnlyForDeploymentPostprocessing = 0;
		};
		378997E428548F430055C432 /* Resources */ = {
			isa = PBXResourcesBuildPhase;
			buildActionMask = 2147483647;
			files = (
				3797EB112854F9FE00134632 /* valid.csv in Resources */,
				3797EB1D2855D85500134632 /* invalid.jpg in Resources */,
			);
			runOnlyForDeploymentPostprocessing = 0;
		};
		378997EE28548F430055C432 /* Resources */ = {
			isa = PBXResourcesBuildPhase;
			buildActionMask = 2147483647;
			files = (
			);
			runOnlyForDeploymentPostprocessing = 0;
		};
/* End PBXResourcesBuildPhase section */

/* Begin PBXSourcesBuildPhase section */
		378997CC28548F410055C432 /* Sources */ = {
			isa = PBXSourcesBuildPhase;
			buildActionMask = 2147483647;
			files = (
				3797EADE28549FF600134632 /* ViewModel.swift in Sources */,
				378997D828548F410055C432 /* ViewController.swift in Sources */,
				3797EAFE2854C4B900134632 /* View.swift in Sources */,
				3797EAFA2854C41C00134632 /* DateFormatterExtension.swift in Sources */,
				3797EAF12854C38800134632 /* ItemKey.swift in Sources */,
				3797EAEF2854B61100134632 /* CSVParser.swift in Sources */,
				3797EB022854C4DD00134632 /* ErrorHandler.swift in Sources */,
				378997D428548F410055C432 /* AppDelegate.swift in Sources */,
				3797EAF82854C40500134632 /* DateExtension.swift in Sources */,
				3797EAF42854C3AC00134632 /* Validator.swift in Sources */,
				3797EAEC2854B5E500134632 /* Repository.swift in Sources */,
				378997D628548F410055C432 /* SceneDelegate.swift in Sources */,
				3797EB002854C4CC00134632 /* LoadingHandler.swift in Sources */,
				3797EAF62854C3C800134632 /* ParseError.swift in Sources */,
				3797EAE02854A03700134632 /* Item.swift in Sources */,
				3797EAE92854A68F00134632 /* TableViewCell.swift in Sources */,
				3797EADC28549B9400134632 /* ColorExtension.swift in Sources */,
			);
			runOnlyForDeploymentPostprocessing = 0;
		};
		378997E228548F430055C432 /* Sources */ = {
			isa = PBXSourcesBuildPhase;
			buildActionMask = 2147483647;
			files = (
				3797EB0A2854F78F00134632 /* MockView.swift in Sources */,
				3797EB0C2854F7DB00134632 /* MockRepository.swift in Sources */,
				3797EAE32854A47F00134632 /* ViewModelTests.swift in Sources */,
				3797EB172855CBA000134632 /* MockParser.swift in Sources */,
				3797EB0E2854F89000134632 /* CSVParserTests.swift in Sources */,
				3797EB1B2855CBC800134632 /* RepositoryTests.swift in Sources */,
			);
			runOnlyForDeploymentPostprocessing = 0;
		};
		378997EC28548F430055C432 /* Sources */ = {
			isa = PBXSourcesBuildPhase;
			buildActionMask = 2147483647;
			files = (
				378997F728548F430055C432 /* CSVParserUITestsLaunchTests.swift in Sources */,
			);
			runOnlyForDeploymentPostprocessing = 0;
		};
/* End PBXSourcesBuildPhase section */

/* Begin PBXTargetDependency section */
		378997E828548F430055C432 /* PBXTargetDependency */ = {
			isa = PBXTargetDependency;
			target = 378997CF28548F410055C432 /* CSVParser */;
			targetProxy = 378997E728548F430055C432 /* PBXContainerItemProxy */;
		};
		378997F228548F430055C432 /* PBXTargetDependency */ = {
			isa = PBXTargetDependency;
			target = 378997CF28548F410055C432 /* CSVParser */;
			targetProxy = 378997F128548F430055C432 /* PBXContainerItemProxy */;
		};
/* End PBXTargetDependency section */

/* Begin PBXVariantGroup section */
		378997D928548F410055C432 /* Main.storyboard */ = {
			isa = PBXVariantGroup;
			children = (
				378997DA28548F410055C432 /* Base */,
			);
			name = Main.storyboard;
			sourceTree = "<group>";
		};
		378997DE28548F430055C432 /* LaunchScreen.storyboard */ = {
			isa = PBXVariantGroup;
			children = (
				378997DF28548F430055C432 /* Base */,
			);
			name = LaunchScreen.storyboard;
			sourceTree = "<group>";
		};
/* End PBXVariantGroup section */

/* Begin XCBuildConfiguration section */
		378997F828548F430055C432 /* Debug */ = {
			isa = XCBuildConfiguration;
			buildSettings = {
				ALWAYS_SEARCH_USER_PATHS = NO;
				CLANG_ANALYZER_NONNULL = YES;
				CLANG_ANALYZER_NUMBER_OBJECT_CONVERSION = YES_AGGRESSIVE;
				CLANG_CXX_LANGUAGE_STANDARD = "gnu++17";
				CLANG_CXX_LIBRARY = "libc++";
				CLANG_ENABLE_MODULES = YES;
				CLANG_ENABLE_OBJC_ARC = YES;
				CLANG_ENABLE_OBJC_WEAK = YES;
				CLANG_WARN_BLOCK_CAPTURE_AUTORELEASING = YES;
				CLANG_WARN_BOOL_CONVERSION = YES;
				CLANG_WARN_COMMA = YES;
				CLANG_WARN_CONSTANT_CONVERSION = YES;
				CLANG_WARN_DEPRECATED_OBJC_IMPLEMENTATIONS = YES;
				CLANG_WARN_DIRECT_OBJC_ISA_USAGE = YES_ERROR;
				CLANG_WARN_DOCUMENTATION_COMMENTS = YES;
				CLANG_WARN_EMPTY_BODY = YES;
				CLANG_WARN_ENUM_CONVERSION = YES;
				CLANG_WARN_INFINITE_RECURSION = YES;
				CLANG_WARN_INT_CONVERSION = YES;
				CLANG_WARN_NON_LITERAL_NULL_CONVERSION = YES;
				CLANG_WARN_OBJC_IMPLICIT_RETAIN_SELF = YES;
				CLANG_WARN_OBJC_LITERAL_CONVERSION = YES;
				CLANG_WARN_OBJC_ROOT_CLASS = YES_ERROR;
				CLANG_WARN_QUOTED_INCLUDE_IN_FRAMEWORK_HEADER = YES;
				CLANG_WARN_RANGE_LOOP_ANALYSIS = YES;
				CLANG_WARN_STRICT_PROTOTYPES = YES;
				CLANG_WARN_SUSPICIOUS_MOVE = YES;
				CLANG_WARN_UNGUARDED_AVAILABILITY = YES_AGGRESSIVE;
				CLANG_WARN_UNREACHABLE_CODE = YES;
				CLANG_WARN__DUPLICATE_METHOD_MATCH = YES;
				COPY_PHASE_STRIP = NO;
				DEBUG_INFORMATION_FORMAT = dwarf;
				ENABLE_STRICT_OBJC_MSGSEND = YES;
				ENABLE_TESTABILITY = YES;
				GCC_C_LANGUAGE_STANDARD = gnu11;
				GCC_DYNAMIC_NO_PIC = NO;
				GCC_NO_COMMON_BLOCKS = YES;
				GCC_OPTIMIZATION_LEVEL = 0;
				GCC_PREPROCESSOR_DEFINITIONS = (
					"DEBUG=1",
					"$(inherited)",
				);
				GCC_WARN_64_TO_32_BIT_CONVERSION = YES;
				GCC_WARN_ABOUT_RETURN_TYPE = YES_ERROR;
				GCC_WARN_UNDECLARED_SELECTOR = YES;
				GCC_WARN_UNINITIALIZED_AUTOS = YES_AGGRESSIVE;
				GCC_WARN_UNUSED_FUNCTION = YES;
				GCC_WARN_UNUSED_VARIABLE = YES;
				IPHONEOS_DEPLOYMENT_TARGET = 15.2;
				MTL_ENABLE_DEBUG_INFO = INCLUDE_SOURCE;
				MTL_FAST_MATH = YES;
				ONLY_ACTIVE_ARCH = YES;
				SDKROOT = iphoneos;
				SWIFT_ACTIVE_COMPILATION_CONDITIONS = DEBUG;
				SWIFT_OPTIMIZATION_LEVEL = "-Onone";
			};
			name = Debug;
		};
		378997F928548F430055C432 /* Release */ = {
			isa = XCBuildConfiguration;
			buildSettings = {
				ALWAYS_SEARCH_USER_PATHS = NO;
				CLANG_ANALYZER_NONNULL = YES;
				CLANG_ANALYZER_NUMBER_OBJECT_CONVERSION = YES_AGGRESSIVE;
				CLANG_CXX_LANGUAGE_STANDARD = "gnu++17";
				CLANG_CXX_LIBRARY = "libc++";
				CLANG_ENABLE_MODULES = YES;
				CLANG_ENABLE_OBJC_ARC = YES;
				CLANG_ENABLE_OBJC_WEAK = YES;
				CLANG_WARN_BLOCK_CAPTURE_AUTORELEASING = YES;
				CLANG_WARN_BOOL_CONVERSION = YES;
				CLANG_WARN_COMMA = YES;
				CLANG_WARN_CONSTANT_CONVERSION = YES;
				CLANG_WARN_DEPRECATED_OBJC_IMPLEMENTATIONS = YES;
				CLANG_WARN_DIRECT_OBJC_ISA_USAGE = YES_ERROR;
				CLANG_WARN_DOCUMENTATION_COMMENTS = YES;
				CLANG_WARN_EMPTY_BODY = YES;
				CLANG_WARN_ENUM_CONVERSION = YES;
				CLANG_WARN_INFINITE_RECURSION = YES;
				CLANG_WARN_INT_CONVERSION = YES;
				CLANG_WARN_NON_LITERAL_NULL_CONVERSION = YES;
				CLANG_WARN_OBJC_IMPLICIT_RETAIN_SELF = YES;
				CLANG_WARN_OBJC_LITERAL_CONVERSION = YES;
				CLANG_WARN_OBJC_ROOT_CLASS = YES_ERROR;
				CLANG_WARN_QUOTED_INCLUDE_IN_FRAMEWORK_HEADER = YES;
				CLANG_WARN_RANGE_LOOP_ANALYSIS = YES;
				CLANG_WARN_STRICT_PROTOTYPES = YES;
				CLANG_WARN_SUSPICIOUS_MOVE = YES;
				CLANG_WARN_UNGUARDED_AVAILABILITY = YES_AGGRESSIVE;
				CLANG_WARN_UNREACHABLE_CODE = YES;
				CLANG_WARN__DUPLICATE_METHOD_MATCH = YES;
				COPY_PHASE_STRIP = NO;
				DEBUG_INFORMATION_FORMAT = "dwarf-with-dsym";
				ENABLE_NS_ASSERTIONS = NO;
				ENABLE_STRICT_OBJC_MSGSEND = YES;
				GCC_C_LANGUAGE_STANDARD = gnu11;
				GCC_NO_COMMON_BLOCKS = YES;
				GCC_WARN_64_TO_32_BIT_CONVERSION = YES;
				GCC_WARN_ABOUT_RETURN_TYPE = YES_ERROR;
				GCC_WARN_UNDECLARED_SELECTOR = YES;
				GCC_WARN_UNINITIALIZED_AUTOS = YES_AGGRESSIVE;
				GCC_WARN_UNUSED_FUNCTION = YES;
				GCC_WARN_UNUSED_VARIABLE = YES;
				IPHONEOS_DEPLOYMENT_TARGET = 15.2;
				MTL_ENABLE_DEBUG_INFO = NO;
				MTL_FAST_MATH = YES;
				SDKROOT = iphoneos;
				SWIFT_COMPILATION_MODE = wholemodule;
				SWIFT_OPTIMIZATION_LEVEL = "-O";
				VALIDATE_PRODUCT = YES;
			};
			name = Release;
		};
		378997FB28548F430055C432 /* Debug */ = {
			isa = XCBuildConfiguration;
			buildSettings = {
				ASSETCATALOG_COMPILER_APPICON_NAME = AppIcon;
				ASSETCATALOG_COMPILER_GLOBAL_ACCENT_COLOR_NAME = AccentColor;
				CODE_SIGN_STYLE = Automatic;
				CURRENT_PROJECT_VERSION = 1;
				DEVELOPMENT_TEAM = Q984GJD2FZ;
				GENERATE_INFOPLIST_FILE = YES;
				INFOPLIST_FILE = CSVParser/Info.plist;
				INFOPLIST_KEY_UIApplicationSupportsIndirectInputEvents = YES;
				INFOPLIST_KEY_UILaunchStoryboardName = LaunchScreen;
				INFOPLIST_KEY_UIMainStoryboardFile = Main;
				INFOPLIST_KEY_UISupportedInterfaceOrientations_iPad = "UIInterfaceOrientationPortrait UIInterfaceOrientationPortraitUpsideDown UIInterfaceOrientationLandscapeLeft UIInterfaceOrientationLandscapeRight";
				INFOPLIST_KEY_UISupportedInterfaceOrientations_iPhone = "UIInterfaceOrientationPortrait UIInterfaceOrientationLandscapeLeft UIInterfaceOrientationLandscapeRight";
				LD_RUNPATH_SEARCH_PATHS = (
					"$(inherited)",
					"@executable_path/Frameworks",
				);
				MARKETING_VERSION = 1.0;
				PRODUCT_BUNDLE_IDENTIFIER = com.csvparser.CSVParser;
				PRODUCT_NAME = "$(TARGET_NAME)";
				SWIFT_EMIT_LOC_STRINGS = YES;
				SWIFT_VERSION = 5.0;
				TARGETED_DEVICE_FAMILY = "1,2";
			};
			name = Debug;
		};
		378997FC28548F430055C432 /* Release */ = {
			isa = XCBuildConfiguration;
			buildSettings = {
				ASSETCATALOG_COMPILER_APPICON_NAME = AppIcon;
				ASSETCATALOG_COMPILER_GLOBAL_ACCENT_COLOR_NAME = AccentColor;
				CODE_SIGN_STYLE = Automatic;
				CURRENT_PROJECT_VERSION = 1;
				DEVELOPMENT_TEAM = Q984GJD2FZ;
				GENERATE_INFOPLIST_FILE = YES;
				INFOPLIST_FILE = CSVParser/Info.plist;
				INFOPLIST_KEY_UIApplicationSupportsIndirectInputEvents = YES;
				INFOPLIST_KEY_UILaunchStoryboardName = LaunchScreen;
				INFOPLIST_KEY_UIMainStoryboardFile = Main;
				INFOPLIST_KEY_UISupportedInterfaceOrientations_iPad = "UIInterfaceOrientationPortrait UIInterfaceOrientationPortraitUpsideDown UIInterfaceOrientationLandscapeLeft UIInterfaceOrientationLandscapeRight";
				INFOPLIST_KEY_UISupportedInterfaceOrientations_iPhone = "UIInterfaceOrientationPortrait UIInterfaceOrientationLandscapeLeft UIInterfaceOrientationLandscapeRight";
				LD_RUNPATH_SEARCH_PATHS = (
					"$(inherited)",
					"@executable_path/Frameworks",
				);
				MARKETING_VERSION = 1.0;
				PRODUCT_BUNDLE_IDENTIFIER = com.csvparser.CSVParser;
				PRODUCT_NAME = "$(TARGET_NAME)";
				SWIFT_EMIT_LOC_STRINGS = YES;
				SWIFT_VERSION = 5.0;
				TARGETED_DEVICE_FAMILY = "1,2";
			};
			name = Release;
		};
		378997FE28548F430055C432 /* Debug */ = {
			isa = XCBuildConfiguration;
			buildSettings = {
				ALWAYS_EMBED_SWIFT_STANDARD_LIBRARIES = YES;
				BUNDLE_LOADER = "$(TEST_HOST)";
				CODE_SIGN_STYLE = Automatic;
				CURRENT_PROJECT_VERSION = 1;
				DEVELOPMENT_TEAM = Q984GJD2FZ;
				GENERATE_INFOPLIST_FILE = YES;
				IPHONEOS_DEPLOYMENT_TARGET = 15.2;
				MARKETING_VERSION = 1.0;
				PRODUCT_BUNDLE_IDENTIFIER = com.csvparser.CSVParserTests;
				PRODUCT_NAME = "$(TARGET_NAME)";
				SWIFT_EMIT_LOC_STRINGS = NO;
				SWIFT_VERSION = 5.0;
				TARGETED_DEVICE_FAMILY = "1,2";
				TEST_HOST = "$(BUILT_PRODUCTS_DIR)/CSVParser.app/CSVParser";
			};
			name = Debug;
		};
		378997FF28548F430055C432 /* Release */ = {
			isa = XCBuildConfiguration;
			buildSettings = {
				ALWAYS_EMBED_SWIFT_STANDARD_LIBRARIES = YES;
				BUNDLE_LOADER = "$(TEST_HOST)";
				CODE_SIGN_STYLE = Automatic;
				CURRENT_PROJECT_VERSION = 1;
				DEVELOPMENT_TEAM = Q984GJD2FZ;
				GENERATE_INFOPLIST_FILE = YES;
				IPHONEOS_DEPLOYMENT_TARGET = 15.2;
				MARKETING_VERSION = 1.0;
				PRODUCT_BUNDLE_IDENTIFIER = com.csvparser.CSVParserTests;
				PRODUCT_NAME = "$(TARGET_NAME)";
				SWIFT_EMIT_LOC_STRINGS = NO;
				SWIFT_VERSION = 5.0;
				TARGETED_DEVICE_FAMILY = "1,2";
				TEST_HOST = "$(BUILT_PRODUCTS_DIR)/CSVParser.app/CSVParser";
			};
			name = Release;
		};
		3789980128548F430055C432 /* Debug */ = {
			isa = XCBuildConfiguration;
			buildSettings = {
				ALWAYS_EMBED_SWIFT_STANDARD_LIBRARIES = YES;
				CODE_SIGN_STYLE = Automatic;
				CURRENT_PROJECT_VERSION = 1;
				DEVELOPMENT_TEAM = Q984GJD2FZ;
				GENERATE_INFOPLIST_FILE = YES;
				MARKETING_VERSION = 1.0;
				PRODUCT_BUNDLE_IDENTIFIER = com.csvparser.CSVParserUITests;
				PRODUCT_NAME = "$(TARGET_NAME)";
				SWIFT_EMIT_LOC_STRINGS = NO;
				SWIFT_VERSION = 5.0;
				TARGETED_DEVICE_FAMILY = "1,2";
				TEST_TARGET_NAME = CSVParser;
			};
			name = Debug;
		};
		3789980228548F430055C432 /* Release */ = {
			isa = XCBuildConfiguration;
			buildSettings = {
				ALWAYS_EMBED_SWIFT_STANDARD_LIBRARIES = YES;
				CODE_SIGN_STYLE = Automatic;
				CURRENT_PROJECT_VERSION = 1;
				DEVELOPMENT_TEAM = Q984GJD2FZ;
				GENERATE_INFOPLIST_FILE = YES;
				MARKETING_VERSION = 1.0;
				PRODUCT_BUNDLE_IDENTIFIER = com.csvparser.CSVParserUITests;
				PRODUCT_NAME = "$(TARGET_NAME)";
				SWIFT_EMIT_LOC_STRINGS = NO;
				SWIFT_VERSION = 5.0;
				TARGETED_DEVICE_FAMILY = "1,2";
				TEST_TARGET_NAME = CSVParser;
			};
			name = Release;
		};
/* End XCBuildConfiguration section */

/* Begin XCConfigurationList section */
		378997CB28548F410055C432 /* Build configuration list for PBXProject "CSVParser" */ = {
			isa = XCConfigurationList;
			buildConfigurations = (
				378997F828548F430055C432 /* Debug */,
				378997F928548F430055C432 /* Release */,
			);
			defaultConfigurationIsVisible = 0;
			defaultConfigurationName = Release;
		};
		378997FA28548F430055C432 /* Build configuration list for PBXNativeTarget "CSVParser" */ = {
			isa = XCConfigurationList;
			buildConfigurations = (
				378997FB28548F430055C432 /* Debug */,
				378997FC28548F430055C432 /* Release */,
			);
			defaultConfigurationIsVisible = 0;
			defaultConfigurationName = Release;
		};
		378997FD28548F430055C432 /* Build configuration list for PBXNativeTarget "CSVParserTests" */ = {
			isa = XCConfigurationList;
			buildConfigurations = (
				378997FE28548F430055C432 /* Debug */,
				378997FF28548F430055C432 /* Release */,
			);
			defaultConfigurationIsVisible = 0;
			defaultConfigurationName = Release;
		};
		3789980028548F430055C432 /* Build configuration list for PBXNativeTarget "CSVParserUITests" */ = {
			isa = XCConfigurationList;
			buildConfigurations = (
				3789980128548F430055C432 /* Debug */,
				3789980228548F430055C432 /* Release */,
			);
			defaultConfigurationIsVisible = 0;
			defaultConfigurationName = Release;
		};
/* End XCConfigurationList section */
	};
	rootObject = 378997C828548F410055C432 /* Project object */;
}
